
Microsoft Visual Studio Solution File, Format Version 12.00
# Visual Studio Version 16
VisualStudioVersion = 16.0.30503.244
MinimumVisualStudioVersion = 10.0.40219.1
Project("{8BC9CEB8-8B4A-11D0-8D11-00A0C91BC942}") = "Taskn5", "Taskn5\Taskn5.vcxproj", "{A910E7F6-7D93-41B3-845B-B7B1C4B280D4}"
EndProject
Global
	GlobalSection(SolutionConfigurationPlatforms) = preSolution
		Debug|x64 = Debug|x64
		Debug|x86 = Debug|x86
		Release|x64 = Release|x64
		Release|x86 = Release|x86
	EndGlobalSection
	GlobalSection(ProjectConfigurationPlatforms) = postSolution
		{A910E7F6-7D93-41B3-845B-B7B1C4B280D4}.Debug|x64.ActiveCfg = Debug|x64
		{A910E7F6-7D93-41B3-845B-B7B1C4B280D4}.Debug|x64.Build.0 = Debug|x64
		{A910E7F6-7D93-41B3-845B-B7B1C4B280D4}.Debug|x86.ActiveCfg = Debug|Win32
		{A910E7F6-7D93-41B3-845B-B7B1C4B280D4}.Debug|x86.Build.0 = Debug|Win32
		{A910E7F6-7D93-41B3-845B-B7B1C4B280D4}.Release|x64.ActiveCfg = Release|x64
		{A910E7F6-7D93-41B3-845B-B7B1C4B280D4}.Release|x64.Build.0 = Release|x64
		{A910E7F6-7D93-41B3-845B-B7B1C4B280D4}.Release|x86.ActiveCfg = Release|Win32
		{A910E7F6-7D93-41B3-845B-B7B1C4B280D4}.Release|x86.Build.0 = Release|Win32
	EndGlobalSection
	GlobalSection(SolutionProperties) = preSolution
		HideSolutionNode = FALSE
	EndGlobalSection
	GlobalSection(ExtensibilityGlobals) = postSolution
		SolutionGuid = {081C675A-0031-4ECB-BC4C-EBE8CF2E0481}
	EndGlobalSection
EndGlobal
